
Microsoft Visual Studio Solution File, Format Version 12.00
# Visual Studio Version 17
VisualStudioVersion = 17.0.31903.59
MinimumVisualStudioVersion = 10.0.40219.1
Project("{2150E333-8FDC-42A3-9474-1A3956D46DE8}") = "src", "src", "{827E0CD3-B72D-47B6-A68D-7590B98EB39B}"
EndProject
Project("{F2A71F9B-5D33-465A-A702-920D77279786}") = "Diligence.Core", "src\Diligence.Core\Diligence.Core.fsproj", "{10332629-3A87-4ED4-B0D7-30DE4A6A9D32}"
EndProject
Project("{F2A71F9B-5D33-465A-A702-920D77279786}") = "Diligence.Infrastructure", "src\Diligence.Infrastructure\Diligence.Infrastructure.fsproj", "{5966BCE0-E36D-4C65-99D4-3061FDBF9F64}"
EndProject
Project("{F2A71F9B-5D33-465A-A702-920D77279786}") = "Diligence.Cli", "src\Diligence.Cli\Diligence.Cli.fsproj", "{8D5B5E3D-0454-414A-934B-629AB664FBE1}"
EndProject
Project("{2150E333-8FDC-42A3-9474-1A3956D46DE8}") = "tests", "tests", "{0AB3BF05-4346-4AA6-1389-037BE0695223}"
EndProject
Project("{F2A71F9B-5D33-465A-A702-920D77279786}") = "Diligence.Tests", "tests\Diligence.Tests\Diligence.Tests.fsproj", "{1EB3513A-7C25-4CB3-9BEF-70FAA60E97F9}"
EndProject
Global
	GlobalSection(SolutionConfigurationPlatforms) = preSolution
		Debug|Any CPU = Debug|Any CPU
		Debug|x64 = Debug|x64
		Debug|x86 = Debug|x86
		Release|Any CPU = Release|Any CPU
		Release|x64 = Release|x64
		Release|x86 = Release|x86
	EndGlobalSection
	GlobalSection(ProjectConfigurationPlatforms) = postSolution
		{10332629-3A87-4ED4-B0D7-30DE4A6A9D32}.Debug|Any CPU.ActiveCfg = Debug|Any CPU
		{10332629-3A87-4ED4-B0D7-30DE4A6A9D32}.Debug|Any CPU.Build.0 = Debug|Any CPU
		{10332629-3A87-4ED4-B0D7-30DE4A6A9D32}.Debug|x64.ActiveCfg = Debug|Any CPU
		{10332629-3A87-4ED4-B0D7-30DE4A6A9D32}.Debug|x64.Build.0 = Debug|Any CPU
		{10332629-3A87-4ED4-B0D7-30DE4A6A9D32}.Debug|x86.ActiveCfg = Debug|Any CPU
		{10332629-3A87-4ED4-B0D7-30DE4A6A9D32}.Debug|x86.Build.0 = Debug|Any CPU
		{10332629-3A87-4ED4-B0D7-30DE4A6A9D32}.Release|Any CPU.ActiveCfg = Release|Any CPU
		{10332629-3A87-4ED4-B0D7-30DE4A6A9D32}.Release|Any CPU.Build.0 = Release|Any CPU
		{10332629-3A87-4ED4-B0D7-30DE4A6A9D32}.Release|x64.ActiveCfg = Release|Any CPU
		{10332629-3A87-4ED4-B0D7-30DE4A6A9D32}.Release|x64.Build.0 = Release|Any CPU
		{10332629-3A87-4ED4-B0D7-30DE4A6A9D32}.Release|x86.ActiveCfg = Release|Any CPU
		{10332629-3A87-4ED4-B0D7-30DE4A6A9D32}.Release|x86.Build.0 = Release|Any CPU
		{5966BCE0-E36D-4C65-99D4-3061FDBF9F64}.Debug|Any CPU.ActiveCfg = Debug|Any CPU
		{5966BCE0-E36D-4C65-99D4-3061FDBF9F64}.Debug|Any CPU.Build.0 = Debug|Any CPU
		{5966BCE0-E36D-4C65-99D4-3061FDBF9F64}.Debug|x64.ActiveCfg = Debug|Any CPU
		{5966BCE0-E36D-4C65-99D4-3061FDBF9F64}.Debug|x64.Build.0 = Debug|Any CPU
		{5966BCE0-E36D-4C65-99D4-3061FDBF9F64}.Debug|x86.ActiveCfg = Debug|Any CPU
		{5966BCE0-E36D-4C65-99D4-3061FDBF9F64}.Debug|x86.Build.0 = Debug|Any CPU
		{5966BCE0-E36D-4C65-99D4-3061FDBF9F64}.Release|Any CPU.ActiveCfg = Release|Any CPU
		{5966BCE0-E36D-4C65-99D4-3061FDBF9F64}.Release|Any CPU.Build.0 = Release|Any CPU
		{5966BCE0-E36D-4C65-99D4-3061FDBF9F64}.Release|x64.ActiveCfg = Release|Any CPU
		{5966BCE0-E36D-4C65-99D4-3061FDBF9F64}.Release|x64.Build.0 = Release|Any CPU
		{5966BCE0-E36D-4C65-99D4-3061FDBF9F64}.Release|x86.ActiveCfg = Release|Any CPU
		{5966BCE0-E36D-4C65-99D4-3061FDBF9F64}.Release|x86.Build.0 = Release|Any CPU
		{8D5B5E3D-0454-414A-934B-629AB664FBE1}.Debug|Any CPU.ActiveCfg = Debug|Any CPU
		{8D5B5E3D-0454-414A-934B-629AB664FBE1}.Debug|Any CPU.Build.0 = Debug|Any CPU
		{8D5B5E3D-0454-414A-934B-629AB664FBE1}.Debug|x64.ActiveCfg = Debug|Any CPU
		{8D5B5E3D-0454-414A-934B-629AB664FBE1}.Debug|x64.Build.0 = Debug|Any CPU
		{8D5B5E3D-0454-414A-934B-629AB664FBE1}.Debug|x86.ActiveCfg = Debug|Any CPU
		{8D5B5E3D-0454-414A-934B-629AB664FBE1}.Debug|x86.Build.0 = Debug|Any CPU
		{8D5B5E3D-0454-414A-934B-629AB664FBE1}.Release|Any CPU.ActiveCfg = Release|Any CPU
		{8D5B5E3D-0454-414A-934B-629AB664FBE1}.Release|Any CPU.Build.0 = Release|Any CPU
		{8D5B5E3D-0454-414A-934B-629AB664FBE1}.Release|x64.ActiveCfg = Release|Any CPU
		{8D5B5E3D-0454-414A-934B-629AB664FBE1}.Release|x64.Build.0 = Release|Any CPU
		{8D5B5E3D-0454-414A-934B-629AB664FBE1}.Release|x86.ActiveCfg = Release|Any CPU
		{8D5B5E3D-0454-414A-934B-629AB664FBE1}.Release|x86.Build.0 = Release|Any CPU
		{1EB3513A-7C25-4CB3-9BEF-70FAA60E97F9}.Debug|Any CPU.ActiveCfg = Debug|Any CPU
		{1EB3513A-7C25-4CB3-9BEF-70FAA60E97F9}.Debug|Any CPU.Build.0 = Debug|Any CPU
		{1EB3513A-7C25-4CB3-9BEF-70FAA60E97F9}.Debug|x64.ActiveCfg = Debug|Any CPU
		{1EB3513A-7C25-4CB3-9BEF-70FAA60E97F9}.Debug|x64.Build.0 = Debug|Any CPU
		{1EB3513A-7C25-4CB3-9BEF-70FAA60E97F9}.Debug|x86.ActiveCfg = Debug|Any CPU
		{1EB3513A-7C25-4CB3-9BEF-70FAA60E97F9}.Debug|x86.Build.0 = Debug|Any CPU
		{1EB3513A-7C25-4CB3-9BEF-70FAA60E97F9}.Release|Any CPU.ActiveCfg = Release|Any CPU
		{1EB3513A-7C25-4CB3-9BEF-70FAA60E97F9}.Release|Any CPU.Build.0 = Release|Any CPU
		{1EB3513A-7C25-4CB3-9BEF-70FAA60E97F9}.Release|x64.ActiveCfg = Release|Any CPU
		{1EB3513A-7C25-4CB3-9BEF-70FAA60E97F9}.Release|x64.Build.0 = Release|Any CPU
		{1EB3513A-7C25-4CB3-9BEF-70FAA60E97F9}.Release|x86.ActiveCfg = Release|Any CPU
		{1EB3513A-7C25-4CB3-9BEF-70FAA60E97F9}.Release|x86.Build.0 = Release|Any CPU
	EndGlobalSection
	GlobalSection(SolutionProperties) = preSolution
		HideSolutionNode = FALSE
	EndGlobalSection
	GlobalSection(NestedProjects) = preSolution
		{10332629-3A87-4ED4-B0D7-30DE4A6A9D32} = {827E0CD3-B72D-47B6-A68D-7590B98EB39B}
		{5966BCE0-E36D-4C65-99D4-3061FDBF9F64} = {827E0CD3-B72D-47B6-A68D-7590B98EB39B}
		{8D5B5E3D-0454-414A-934B-629AB664FBE1} = {827E0CD3-B72D-47B6-A68D-7590B98EB39B}
		{1EB3513A-7C25-4CB3-9BEF-70FAA60E97F9} = {0AB3BF05-4346-4AA6-1389-037BE0695223}
	EndGlobalSection
EndGlobal
